// !$*UTF8*$!
{
	archiveVersion = 1;
	classes = {
	};
	objectVersion = 56;
	objects = {

/* Begin PBXBuildFile section */
		71567E6F2B7D65B70043B7FD /* RecursiveMethod.swift in Sources */ = {isa = PBXBuildFile; fileRef = 71567E6E2B7D65B70043B7FD /* RecursiveMethod.swift */; };
		71567E712B7D65F30043B7FD /* MemoizationMethod.swift in Sources */ = {isa = PBXBuildFile; fileRef = 71567E702B7D65F30043B7FD /* MemoizationMethod.swift */; };
		71567E732B7D66100043B7FD /* TabulationMethod.swift in Sources */ = {isa = PBXBuildFile; fileRef = 71567E722B7D66100043B7FD /* TabulationMethod.swift */; };
		71567E752B7D662C0043B7FD /* SpaceOptimizedMethod.swift in Sources */ = {isa = PBXBuildFile; fileRef = 71567E742B7D662C0043B7FD /* SpaceOptimizedMethod.swift */; };
		71567E772B7D66550043B7FD /* MatrixExponentiationMethod.swift in Sources */ = {isa = PBXBuildFile; fileRef = 71567E762B7D66550043B7FD /* MatrixExponentiationMethod.swift */; };
		71567E792B7D666C0043B7FD /* GoldenRatioMethod.swift in Sources */ = {isa = PBXBuildFile; fileRef = 71567E782B7D666C0043B7FD /* GoldenRatioMethod.swift */; };
		718874CB2B7A2E1E0065245D /* main.swift in Sources */ = {isa = PBXBuildFile; fileRef = 718874CA2B7A2E1E0065245D /* main.swift */; };
/* End PBXBuildFile section */

/* Begin PBXCopyFilesBuildPhase section */
		718874C52B7A2E1E0065245D /* CopyFiles */ = {
			isa = PBXCopyFilesBuildPhase;
			buildActionMask = 2147483647;
			dstPath = /usr/share/man/man1/;
			dstSubfolderSpec = 0;
			files = (
			);
			runOnlyForDeploymentPostprocessing = 1;
		};
/* End PBXCopyFilesBuildPhase section */

/* Begin PBXFileReference section */
		71567E6E2B7D65B70043B7FD /* RecursiveMethod.swift */ = {isa = PBXFileReference; lastKnownFileType = sourcecode.swift; path = RecursiveMethod.swift; sourceTree = "<group>"; };
		71567E702B7D65F30043B7FD /* MemoizationMethod.swift */ = {isa = PBXFileReference; lastKnownFileType = sourcecode.swift; path = MemoizationMethod.swift; sourceTree = "<group>"; };
		71567E722B7D66100043B7FD /* TabulationMethod.swift */ = {isa = PBXFileReference; lastKnownFileType = sourcecode.swift; path = TabulationMethod.swift; sourceTree = "<group>"; };
		71567E742B7D662C0043B7FD /* SpaceOptimizedMethod.swift */ = {isa = PBXFileReference; lastKnownFileType = sourcecode.swift; path = SpaceOptimizedMethod.swift; sourceTree = "<group>"; };
		71567E762B7D66550043B7FD /* MatrixExponentiationMethod.swift */ = {isa = PBXFileReference; lastKnownFileType = sourcecode.swift; path = MatrixExponentiationMethod.swift; sourceTree = "<group>"; };
		71567E782B7D666C0043B7FD /* GoldenRatioMethod.swift */ = {isa = PBXFileReference; lastKnownFileType = sourcecode.swift; path = GoldenRatioMethod.swift; sourceTree = "<group>"; };
		718874C72B7A2E1E0065245D /* APA Laboratory Works */ = {isa = PBXFileReference; explicitFileType = "compiled.mach-o.executable"; includeInIndex = 0; path = "APA Laboratory Works"; sourceTree = BUILT_PRODUCTS_DIR; };
		718874CA2B7A2E1E0065245D /* main.swift */ = {isa = PBXFileReference; lastKnownFileType = sourcecode.swift; path = main.swift; sourceTree = "<group>"; };
/* End PBXFileReference section */

/* Begin PBXFrameworksBuildPhase section */
		718874C42B7A2E1E0065245D /* Frameworks */ = {
			isa = PBXFrameworksBuildPhase;
			buildActionMask = 2147483647;
			files = (
			);
			runOnlyForDeploymentPostprocessing = 0;
		};
/* End PBXFrameworksBuildPhase section */

/* Begin PBXGroup section */
		71567E6D2B7D65920043B7FD /* Laboratory 1 */ = {
			isa = PBXGroup;
			children = (
				71567E6E2B7D65B70043B7FD /* RecursiveMethod.swift */,
				71567E702B7D65F30043B7FD /* MemoizationMethod.swift */,
				71567E722B7D66100043B7FD /* TabulationMethod.swift */,
				71567E742B7D662C0043B7FD /* SpaceOptimizedMethod.swift */,
				71567E762B7D66550043B7FD /* MatrixExponentiationMethod.swift */,
				71567E782B7D666C0043B7FD /* GoldenRatioMethod.swift */,
			);
			path = "Laboratory 1";
			sourceTree = "<group>";
		};
		718874BE2B7A2E1E0065245D = {
			isa = PBXGroup;
			children = (
				718874C92B7A2E1E0065245D /* APA Laboratory Works */,
				718874C82B7A2E1E0065245D /* Products */,
			);
			sourceTree = "<group>";
		};
		718874C82B7A2E1E0065245D /* Products */ = {
			isa = PBXGroup;
			children = (
				718874C72B7A2E1E0065245D /* APA Laboratory Works */,
			);
			name = Products;
			sourceTree = "<group>";
		};
		718874C92B7A2E1E0065245D /* APA Laboratory Works */ = {
			isa = PBXGroup;
			children = (
				718874CA2B7A2E1E0065245D /* main.swift */,
				71567E6D2B7D65920043B7FD /* Laboratory 1 */,
			);
			path = "APA Laboratory Works";
			sourceTree = "<group>";
		};
/* End PBXGroup section */

/* Begin PBXNativeTarget section */
		718874C62B7A2E1E0065245D /* APA Laboratory Works */ = {
			isa = PBXNativeTarget;
			buildConfigurationList = 718874CE2B7A2E1E0065245D /* Build configuration list for PBXNativeTarget "APA Laboratory Works" */;
			buildPhases = (
				718874C32B7A2E1E0065245D /* Sources */,
				718874C42B7A2E1E0065245D /* Frameworks */,
				718874C52B7A2E1E0065245D /* CopyFiles */,
			);
			buildRules = (
			);
			dependencies = (
			);
			name = "APA Laboratory Works";
			productName = "APA Laboratory Works";
			productReference = 718874C72B7A2E1E0065245D /* APA Laboratory Works */;
			productType = "com.apple.product-type.tool";
		};
/* End PBXNativeTarget section */

/* Begin PBXProject section */
		718874BF2B7A2E1E0065245D /* Project object */ = {
			isa = PBXProject;
			attributes = {
				BuildIndependentTargetsInParallel = 1;
				LastSwiftUpdateCheck = 1520;
				LastUpgradeCheck = 1520;
				TargetAttributes = {
					718874C62B7A2E1E0065245D = {
						CreatedOnToolsVersion = 15.2;
					};
				};
			};
			buildConfigurationList = 718874C22B7A2E1E0065245D /* Build configuration list for PBXProject "APA Laboratory Works" */;
			compatibilityVersion = "Xcode 14.0";
			developmentRegion = en;
			hasScannedForEncodings = 0;
			knownRegions = (
				en,
				Base,
			);
			mainGroup = 718874BE2B7A2E1E0065245D;
			productRefGroup = 718874C82B7A2E1E0065245D /* Products */;
			projectDirPath = "";
			projectRoot = "";
			targets = (
				718874C62B7A2E1E0065245D /* APA Laboratory Works */,
			);
		};
/* End PBXProject section */

/* Begin PBXSourcesBuildPhase section */
		718874C32B7A2E1E0065245D /* Sources */ = {
			isa = PBXSourcesBuildPhase;
			buildActionMask = 2147483647;
			files = (
				71567E752B7D662C0043B7FD /* SpaceOptimizedMethod.swift in Sources */,
				71567E712B7D65F30043B7FD /* MemoizationMethod.swift in Sources */,
				71567E772B7D66550043B7FD /* MatrixExponentiationMethod.swift in Sources */,
				71567E732B7D66100043B7FD /* TabulationMethod.swift in Sources */,
				71567E792B7D666C0043B7FD /* GoldenRatioMethod.swift in Sources */,
				718874CB2B7A2E1E0065245D /* main.swift in Sources */,
				71567E6F2B7D65B70043B7FD /* RecursiveMethod.swift in Sources */,
			);
			runOnlyForDeploymentPostprocessing = 0;
		};
/* End PBXSourcesBuildPhase section */

/* Begin XCBuildConfiguration section */
		718874CC2B7A2E1E0065245D /* Debug */ = {
			isa = XCBuildConfiguration;
			buildSettings = {
				ALWAYS_SEARCH_USER_PATHS = NO;
				ASSETCATALOG_COMPILER_GENERATE_SWIFT_ASSET_SYMBOL_EXTENSIONS = YES;
				CLANG_ANALYZER_NONNULL = YES;
				CLANG_ANALYZER_NUMBER_OBJECT_CONVERSION = YES_AGGRESSIVE;
				CLANG_CXX_LANGUAGE_STANDARD = "gnu++20";
				CLANG_ENABLE_MODULES = YES;
				CLANG_ENABLE_OBJC_ARC = YES;
				CLANG_ENABLE_OBJC_WEAK = YES;
				CLANG_WARN_BLOCK_CAPTURE_AUTORELEASING = YES;
				CLANG_WARN_BOOL_CONVERSION = YES;
				CLANG_WARN_COMMA = YES;
				CLANG_WARN_CONSTANT_CONVERSION = YES;
				CLANG_WARN_DEPRECATED_OBJC_IMPLEMENTATIONS = YES;
				CLANG_WARN_DIRECT_OBJC_ISA_USAGE = YES_ERROR;
				CLANG_WARN_DOCUMENTATION_COMMENTS = YES;
				CLANG_WARN_EMPTY_BODY = YES;
				CLANG_WARN_ENUM_CONVERSION = YES;
				CLANG_WARN_INFINITE_RECURSION = YES;
				CLANG_WARN_INT_CONVERSION = YES;
				CLANG_WARN_NON_LITERAL_NULL_CONVERSION = YES;
				CLANG_WARN_OBJC_IMPLICIT_RETAIN_SELF = YES;
				CLANG_WARN_OBJC_LITERAL_CONVERSION = YES;
				CLANG_WARN_OBJC_ROOT_CLASS = YES_ERROR;
				CLANG_WARN_QUOTED_INCLUDE_IN_FRAMEWORK_HEADER = YES;
				CLANG_WARN_RANGE_LOOP_ANALYSIS = YES;
				CLANG_WARN_STRICT_PROTOTYPES = YES;
				CLANG_WARN_SUSPICIOUS_MOVE = YES;
				CLANG_WARN_UNGUARDED_AVAILABILITY = YES_AGGRESSIVE;
				CLANG_WARN_UNREACHABLE_CODE = YES;
				CLANG_WARN__DUPLICATE_METHOD_MATCH = YES;
				COPY_PHASE_STRIP = NO;
				DEBUG_INFORMATION_FORMAT = dwarf;
				ENABLE_STRICT_OBJC_MSGSEND = YES;
				ENABLE_TESTABILITY = YES;
				ENABLE_USER_SCRIPT_SANDBOXING = YES;
				GCC_C_LANGUAGE_STANDARD = gnu17;
				GCC_DYNAMIC_NO_PIC = NO;
				GCC_NO_COMMON_BLOCKS = YES;
				GCC_OPTIMIZATION_LEVEL = 0;
				GCC_PREPROCESSOR_DEFINITIONS = (
					"DEBUG=1",
					"$(inherited)",
				);
				GCC_WARN_64_TO_32_BIT_CONVERSION = YES;
				GCC_WARN_ABOUT_RETURN_TYPE = YES_ERROR;
				GCC_WARN_UNDECLARED_SELECTOR = YES;
				GCC_WARN_UNINITIALIZED_AUTOS = YES_AGGRESSIVE;
				GCC_WARN_UNUSED_FUNCTION = YES;
				GCC_WARN_UNUSED_VARIABLE = YES;
				LOCALIZATION_PREFERS_STRING_CATALOGS = YES;
				MACOSX_DEPLOYMENT_TARGET = 14.2;
				MTL_ENABLE_DEBUG_INFO = INCLUDE_SOURCE;
				MTL_FAST_MATH = YES;
				ONLY_ACTIVE_ARCH = YES;
				SDKROOT = macosx;
				SWIFT_ACTIVE_COMPILATION_CONDITIONS = "DEBUG $(inherited)";
				SWIFT_OPTIMIZATION_LEVEL = "-Onone";
			};
			name = Debug;
		};
		718874CD2B7A2E1E0065245D /* Release */ = {
			isa = XCBuildConfiguration;
			buildSettings = {
				ALWAYS_SEARCH_USER_PATHS = NO;
				ASSETCATALOG_COMPILER_GENERATE_SWIFT_ASSET_SYMBOL_EXTENSIONS = YES;
				CLANG_ANALYZER_NONNULL = YES;
				CLANG_ANALYZER_NUMBER_OBJECT_CONVERSION = YES_AGGRESSIVE;
				CLANG_CXX_LANGUAGE_STANDARD = "gnu++20";
				CLANG_ENABLE_MODULES = YES;
				CLANG_ENABLE_OBJC_ARC = YES;
				CLANG_ENABLE_OBJC_WEAK = YES;
				CLANG_WARN_BLOCK_CAPTURE_AUTORELEASING = YES;
				CLANG_WARN_BOOL_CONVERSION = YES;
				CLANG_WARN_COMMA = YES;
				CLANG_WARN_CONSTANT_CONVERSION = YES;
				CLANG_WARN_DEPRECATED_OBJC_IMPLEMENTATIONS = YES;
				CLANG_WARN_DIRECT_OBJC_ISA_USAGE = YES_ERROR;
				CLANG_WARN_DOCUMENTATION_COMMENTS = YES;
				CLANG_WARN_EMPTY_BODY = YES;
				CLANG_WARN_ENUM_CONVERSION = YES;
				CLANG_WARN_INFINITE_RECURSION = YES;
				CLANG_WARN_INT_CONVERSION = YES;
				CLANG_WARN_NON_LITERAL_NULL_CONVERSION = YES;
				CLANG_WARN_OBJC_IMPLICIT_RETAIN_SELF = YES;
				CLANG_WARN_OBJC_LITERAL_CONVERSION = YES;
				CLANG_WARN_OBJC_ROOT_CLASS = YES_ERROR;
				CLANG_WARN_QUOTED_INCLUDE_IN_FRAMEWORK_HEADER = YES;
				CLANG_WARN_RANGE_LOOP_ANALYSIS = YES;
				CLANG_WARN_STRICT_PROTOTYPES = YES;
				CLANG_WARN_SUSPICIOUS_MOVE = YES;
				CLANG_WARN_UNGUARDED_AVAILABILITY = YES_AGGRESSIVE;
				CLANG_WARN_UNREACHABLE_CODE = YES;
				CLANG_WARN__DUPLICATE_METHOD_MATCH = YES;
				COPY_PHASE_STRIP = NO;
				DEBUG_INFORMATION_FORMAT = "dwarf-with-dsym";
				ENABLE_NS_ASSERTIONS = NO;
				ENABLE_STRICT_OBJC_MSGSEND = YES;
				ENABLE_USER_SCRIPT_SANDBOXING = YES;
				GCC_C_LANGUAGE_STANDARD = gnu17;
				GCC_NO_COMMON_BLOCKS = YES;
				GCC_WARN_64_TO_32_BIT_CONVERSION = YES;
				GCC_WARN_ABOUT_RETURN_TYPE = YES_ERROR;
				GCC_WARN_UNDECLARED_SELECTOR = YES;
				GCC_WARN_UNINITIALIZED_AUTOS = YES_AGGRESSIVE;
				GCC_WARN_UNUSED_FUNCTION = YES;
				GCC_WARN_UNUSED_VARIABLE = YES;
				LOCALIZATION_PREFERS_STRING_CATALOGS = YES;
				MACOSX_DEPLOYMENT_TARGET = 14.2;
				MTL_ENABLE_DEBUG_INFO = NO;
				MTL_FAST_MATH = YES;
				SDKROOT = macosx;
				SWIFT_COMPILATION_MODE = wholemodule;
			};
			name = Release;
		};
		718874CF2B7A2E1E0065245D /* Debug */ = {
			isa = XCBuildConfiguration;
			buildSettings = {
				CODE_SIGN_STYLE = Automatic;
				DEVELOPMENT_TEAM = K9YT824399;
				ENABLE_HARDENED_RUNTIME = YES;
				PRODUCT_NAME = "$(TARGET_NAME)";
				SWIFT_VERSION = 5.0;
			};
			name = Debug;
		};
		718874D02B7A2E1E0065245D /* Release */ = {
			isa = XCBuildConfiguration;
			buildSettings = {
				CODE_SIGN_STYLE = Automatic;
				DEVELOPMENT_TEAM = K9YT824399;
				ENABLE_HARDENED_RUNTIME = YES;
				PRODUCT_NAME = "$(TARGET_NAME)";
				SWIFT_VERSION = 5.0;
			};
			name = Release;
		};
/* End XCBuildConfiguration section */

/* Begin XCConfigurationList section */
		718874C22B7A2E1E0065245D /* Build configuration list for PBXProject "APA Laboratory Works" */ = {
			isa = XCConfigurationList;
			buildConfigurations = (
				718874CC2B7A2E1E0065245D /* Debug */,
				718874CD2B7A2E1E0065245D /* Release */,
			);
			defaultConfigurationIsVisible = 0;
			defaultConfigurationName = Release;
		};
		718874CE2B7A2E1E0065245D /* Build configuration list for PBXNativeTarget "APA Laboratory Works" */ = {
			isa = XCConfigurationList;
			buildConfigurations = (
				718874CF2B7A2E1E0065245D /* Debug */,
				718874D02B7A2E1E0065245D /* Release */,
			);
			defaultConfigurationIsVisible = 0;
			defaultConfigurationName = Release;
		};
/* End XCConfigurationList section */
	};
	rootObject = 718874BF2B7A2E1E0065245D /* Project object */;
}
